// !$*UTF8*$!
{
	archiveVersion = 1;
	classes = {
	};
	objectVersion = 77;
	objects = {

/* Begin PBXContainerItemProxy section */
		04C2E7232DE2339B00D67924 /* PBXContainerItemProxy */ = {
			isa = PBXContainerItemProxy;
			containerPortal = 04C2E70B2DE2339800D67924 /* Project object */;
			proxyType = 1;
			remoteGlobalIDString = 04C2E7122DE2339800D67924;
			remoteInfo = ItsPronouncedBichael;
		};
		04C2E72D2DE2339B00D67924 /* PBXContainerItemProxy */ = {
			isa = PBXContainerItemProxy;
			containerPortal = 04C2E70B2DE2339800D67924 /* Project object */;
			proxyType = 1;
			remoteGlobalIDString = 04C2E7122DE2339800D67924;
			remoteInfo = ItsPronouncedBichael;
		};
/* End PBXContainerItemProxy section */

/* Begin PBXFileReference section */
		04C2E7132DE2339800D67924 /* ItsPronouncedBichael.app */ = {isa = PBXFileReference; explicitFileType = wrapper.application; includeInIndex = 0; path = ItsPronouncedBichael.app; sourceTree = BUILT_PRODUCTS_DIR; };
		04C2E7222DE2339B00D67924 /* ItsPronouncedBichaelTests.xctest */ = {isa = PBXFileReference; explicitFileType = wrapper.cfbundle; includeInIndex = 0; path = ItsPronouncedBichaelTests.xctest; sourceTree = BUILT_PRODUCTS_DIR; };
		04C2E72C2DE2339B00D67924 /* ItsPronouncedBichaelUITests.xctest */ = {isa = PBXFileReference; explicitFileType = wrapper.cfbundle; includeInIndex = 0; path = ItsPronouncedBichaelUITests.xctest; sourceTree = BUILT_PRODUCTS_DIR; };
/* End PBXFileReference section */

/* Begin PBXFileSystemSynchronizedBuildFileExceptionSet section */
		0406E9802DE3B4230096899D /* Exceptions for "ItsPronouncedBichael" folder in "ItsPronouncedBichael" target */ = {
			isa = PBXFileSystemSynchronizedBuildFileExceptionSet;
			membershipExceptions = (
				Info.plist,
			);
			target = 04C2E7122DE2339800D67924 /* ItsPronouncedBichael */;
		};
/* End PBXFileSystemSynchronizedBuildFileExceptionSet section */

/* Begin PBXFileSystemSynchronizedRootGroup section */
		04C2E7152DE2339800D67924 /* ItsPronouncedBichael */ = {
			isa = PBXFileSystemSynchronizedRootGroup;
			exceptions = (
				0406E9802DE3B4230096899D /* Exceptions for "ItsPronouncedBichael" folder in "ItsPronouncedBichael" target */,
			);
			path = ItsPronouncedBichael;
			sourceTree = "<group>";
		};
		04C2E7252DE2339B00D67924 /* ItsPronouncedBichaelTests */ = {
			isa = PBXFileSystemSynchronizedRootGroup;
			path = ItsPronouncedBichaelTests;
			sourceTree = "<group>";
		};
		04C2E72F2DE2339B00D67924 /* ItsPronouncedBichaelUITests */ = {
			isa = PBXFileSystemSynchronizedRootGroup;
			path = ItsPronouncedBichaelUITests;
			sourceTree = "<group>";
		};
/* End PBXFileSystemSynchronizedRootGroup section */

/* Begin PBXFrameworksBuildPhase section */
		04C2E7102DE2339800D67924 /* Frameworks */ = {
			isa = PBXFrameworksBuildPhase;
			buildActionMask = 2147483647;
			files = (
			);
			runOnlyForDeploymentPostprocessing = 0;
		};
		04C2E71F2DE2339B00D67924 /* Frameworks */ = {
			isa = PBXFrameworksBuildPhase;
			buildActionMask = 2147483647;
			files = (
			);
			runOnlyForDeploymentPostprocessing = 0;
		};
		04C2E7292DE2339B00D67924 /* Frameworks */ = {
			isa = PBXFrameworksBuildPhase;
			buildActionMask = 2147483647;
			files = (
			);
			runOnlyForDeploymentPostprocessing = 0;
		};
/* End PBXFrameworksBuildPhase section */

/* Begin PBXGroup section */
		04C2E70A2DE2339800D67924 = {
			isa = PBXGroup;
			children = (
				04C2E7152DE2339800D67924 /* ItsPronouncedBichael */,
				04C2E7252DE2339B00D67924 /* ItsPronouncedBichaelTests */,
				04C2E72F2DE2339B00D67924 /* ItsPronouncedBichaelUITests */,
				04C2E7142DE2339800D67924 /* Products */,
			);
			sourceTree = "<group>";
		};
		04C2E7142DE2339800D67924 /* Products */ = {
			isa = PBXGroup;
			children = (
				04C2E7132DE2339800D67924 /* ItsPronouncedBichael.app */,
				04C2E7222DE2339B00D67924 /* ItsPronouncedBichaelTests.xctest */,
				04C2E72C2DE2339B00D67924 /* ItsPronouncedBichaelUITests.xctest */,
			);
			name = Products;
			sourceTree = "<group>";
		};
/* End PBXGroup section */

/* Begin PBXNativeTarget section */
		04C2E7122DE2339800D67924 /* ItsPronouncedBichael */ = {
			isa = PBXNativeTarget;
			buildConfigurationList = 04C2E7362DE2339B00D67924 /* Build configuration list for PBXNativeTarget "ItsPronouncedBichael" */;
			buildPhases = (
				04C2E70F2DE2339800D67924 /* Sources */,
				04C2E7102DE2339800D67924 /* Frameworks */,
				04C2E7112DE2339800D67924 /* Resources */,
			);
			buildRules = (
			);
			dependencies = (
			);
			fileSystemSynchronizedGroups = (
				04C2E7152DE2339800D67924 /* ItsPronouncedBichael */,
			);
			name = ItsPronouncedBichael;
			packageProductDependencies = (
			);
			productName = ItsPronouncedBichael;
			productReference = 04C2E7132DE2339800D67924 /* ItsPronouncedBichael.app */;
			productType = "com.apple.product-type.application";
		};
		04C2E7212DE2339B00D67924 /* ItsPronouncedBichaelTests */ = {
			isa = PBXNativeTarget;
			buildConfigurationList = 04C2E7392DE2339B00D67924 /* Build configuration list for PBXNativeTarget "ItsPronouncedBichaelTests" */;
			buildPhases = (
				04C2E71E2DE2339B00D67924 /* Sources */,
				04C2E71F2DE2339B00D67924 /* Frameworks */,
				04C2E7202DE2339B00D67924 /* Resources */,
			);
			buildRules = (
			);
			dependencies = (
				04C2E7242DE2339B00D67924 /* PBXTargetDependency */,
			);
			fileSystemSynchronizedGroups = (
				04C2E7252DE2339B00D67924 /* ItsPronouncedBichaelTests */,
			);
			name = ItsPronouncedBichaelTests;
			packageProductDependencies = (
			);
			productName = ItsPronouncedBichaelTests;
			productReference = 04C2E7222DE2339B00D67924 /* ItsPronouncedBichaelTests.xctest */;
			productType = "com.apple.product-type.bundle.unit-test";
		};
		04C2E72B2DE2339B00D67924 /* ItsPronouncedBichaelUITests */ = {
			isa = PBXNativeTarget;
			buildConfigurationList = 04C2E73C2DE2339B00D67924 /* Build configuration list for PBXNativeTarget "ItsPronouncedBichaelUITests" */;
			buildPhases = (
				04C2E7282DE2339B00D67924 /* Sources */,
				04C2E7292DE2339B00D67924 /* Frameworks */,
				04C2E72A2DE2339B00D67924 /* Resources */,
			);
			buildRules = (
			);
			dependencies = (
				04C2E72E2DE2339B00D67924 /* PBXTargetDependency */,
			);
			fileSystemSynchronizedGroups = (
				04C2E72F2DE2339B00D67924 /* ItsPronouncedBichaelUITests */,
			);
			name = ItsPronouncedBichaelUITests;
			packageProductDependencies = (
			);
			productName = ItsPronouncedBichaelUITests;
			productReference = 04C2E72C2DE2339B00D67924 /* ItsPronouncedBichaelUITests.xctest */;
			productType = "com.apple.product-type.bundle.ui-testing";
		};
/* End PBXNativeTarget section */

/* Begin PBXProject section */
		04C2E70B2DE2339800D67924 /* Project object */ = {
			isa = PBXProject;
			attributes = {
				BuildIndependentTargetsInParallel = 1;
				LastSwiftUpdateCheck = 1630;
				LastUpgradeCheck = 1630;
				TargetAttributes = {
					04C2E7122DE2339800D67924 = {
						CreatedOnToolsVersion = 16.3;
					};
					04C2E7212DE2339B00D67924 = {
						CreatedOnToolsVersion = 16.3;
						TestTargetID = 04C2E7122DE2339800D67924;
					};
					04C2E72B2DE2339B00D67924 = {
						CreatedOnToolsVersion = 16.3;
						TestTargetID = 04C2E7122DE2339800D67924;
					};
				};
			};
			buildConfigurationList = 04C2E70E2DE2339800D67924 /* Build configuration list for PBXProject "ItsPronouncedBichael" */;
			developmentRegion = en;
			hasScannedForEncodings = 0;
			knownRegions = (
				en,
				Base,
			);
			mainGroup = 04C2E70A2DE2339800D67924;
			minimizedProjectReferenceProxies = 1;
			preferredProjectObjectVersion = 77;
			productRefGroup = 04C2E7142DE2339800D67924 /* Products */;
			projectDirPath = "";
			projectRoot = "";
			targets = (
				04C2E7122DE2339800D67924 /* ItsPronouncedBichael */,
				04C2E7212DE2339B00D67924 /* ItsPronouncedBichaelTests */,
				04C2E72B2DE2339B00D67924 /* ItsPronouncedBichaelUITests */,
			);
		};
/* End PBXProject section */

/* Begin PBXResourcesBuildPhase section */
		04C2E7112DE2339800D67924 /* Resources */ = {
			isa = PBXResourcesBuildPhase;
			buildActionMask = 2147483647;
			files = (
			);
			runOnlyForDeploymentPostprocessing = 0;
		};
		04C2E7202DE2339B00D67924 /* Resources */ = {
			isa = PBXResourcesBuildPhase;
			buildActionMask = 2147483647;
			files = (
			);
			runOnlyForDeploymentPostprocessing = 0;
		};
		04C2E72A2DE2339B00D67924 /* Resources */ = {
			isa = PBXResourcesBuildPhase;
			buildActionMask = 2147483647;
			files = (
			);
			runOnlyForDeploymentPostprocessing = 0;
		};
/* End PBXResourcesBuildPhase section */

/* Begin PBXSourcesBuildPhase section */
		04C2E70F2DE2339800D67924 /* Sources */ = {
			isa = PBXSourcesBuildPhase;
			buildActionMask = 2147483647;
			files = (
			);
			runOnlyForDeploymentPostprocessing = 0;
		};
		04C2E71E2DE2339B00D67924 /* Sources */ = {
			isa = PBXSourcesBuildPhase;
			buildActionMask = 2147483647;
			files = (
			);
			runOnlyForDeploymentPostprocessing = 0;
		};
		04C2E7282DE2339B00D67924 /* Sources */ = {
			isa = PBXSourcesBuildPhase;
			buildActionMask = 2147483647;
			files = (
			);
			runOnlyForDeploymentPostprocessing = 0;
		};
/* End PBXSourcesBuildPhase section */

/* Begin PBXTargetDependency section */
		04C2E7242DE2339B00D67924 /* PBXTargetDependency */ = {
			isa = PBXTargetDependency;
			target = 04C2E7122DE2339800D67924 /* ItsPronouncedBichael */;
			targetProxy = 04C2E7232DE2339B00D67924 /* PBXContainerItemProxy */;
		};
		04C2E72E2DE2339B00D67924 /* PBXTargetDependency */ = {
			isa = PBXTargetDependency;
			target = 04C2E7122DE2339800D67924 /* ItsPronouncedBichael */;
			targetProxy = 04C2E72D2DE2339B00D67924 /* PBXContainerItemProxy */;
		};
/* End PBXTargetDependency section */

/* Begin XCBuildConfiguration section */
		04C2E7342DE2339B00D67924 /* Debug */ = {
			isa = XCBuildConfiguration;
			buildSettings = {
				ALWAYS_SEARCH_USER_PATHS = NO;
				ASSETCATALOG_COMPILER_GENERATE_SWIFT_ASSET_SYMBOL_EXTENSIONS = YES;
				CLANG_ANALYZER_NONNULL = YES;
				CLANG_ANALYZER_NUMBER_OBJECT_CONVERSION = YES_AGGRESSIVE;
				CLANG_CXX_LANGUAGE_STANDARD = "gnu++20";
				CLANG_ENABLE_MODULES = YES;
				CLANG_ENABLE_OBJC_ARC = YES;
				CLANG_ENABLE_OBJC_WEAK = YES;
				CLANG_WARN_BLOCK_CAPTURE_AUTORELEASING = YES;
				CLANG_WARN_BOOL_CONVERSION = YES;
				CLANG_WARN_COMMA = YES;
				CLANG_WARN_CONSTANT_CONVERSION = YES;
				CLANG_WARN_DEPRECATED_OBJC_IMPLEMENTATIONS = YES;
				CLANG_WARN_DIRECT_OBJC_ISA_USAGE = YES_ERROR;
				CLANG_WARN_DOCUMENTATION_COMMENTS = YES;
				CLANG_WARN_EMPTY_BODY = YES;
				CLANG_WARN_ENUM_CONVERSION = YES;
				CLANG_WARN_INFINITE_RECURSION = YES;
				CLANG_WARN_INT_CONVERSION = YES;
				CLANG_WARN_NON_LITERAL_NULL_CONVERSION = YES;
				CLANG_WARN_OBJC_IMPLICIT_RETAIN_SELF = YES;
				CLANG_WARN_OBJC_LITERAL_CONVERSION = YES;
				CLANG_WARN_OBJC_ROOT_CLASS = YES_ERROR;
				CLANG_WARN_QUOTED_INCLUDE_IN_FRAMEWORK_HEADER = YES;
				CLANG_WARN_RANGE_LOOP_ANALYSIS = YES;
				CLANG_WARN_STRICT_PROTOTYPES = YES;
				CLANG_WARN_SUSPICIOUS_MOVE = YES;
				CLANG_WARN_UNGUARDED_AVAILABILITY = YES_AGGRESSIVE;
				CLANG_WARN_UNREACHABLE_CODE = YES;
				CLANG_WARN__DUPLICATE_METHOD_MATCH = YES;
				COPY_PHASE_STRIP = NO;
				DEBUG_INFORMATION_FORMAT = dwarf;
				DEVELOPMENT_TEAM = 9RH4L8S898;
				ENABLE_STRICT_OBJC_MSGSEND = YES;
				ENABLE_TESTABILITY = YES;
				ENABLE_USER_SCRIPT_SANDBOXING = YES;
				GCC_C_LANGUAGE_STANDARD = gnu17;
				GCC_DYNAMIC_NO_PIC = NO;
				GCC_NO_COMMON_BLOCKS = YES;
				GCC_OPTIMIZATION_LEVEL = 0;
				GCC_PREPROCESSOR_DEFINITIONS = (
					"DEBUG=1",
					"$(inherited)",
				);
				GCC_WARN_64_TO_32_BIT_CONVERSION = YES;
				GCC_WARN_ABOUT_RETURN_TYPE = YES_ERROR;
				GCC_WARN_UNDECLARED_SELECTOR = YES;
				GCC_WARN_UNINITIALIZED_AUTOS = YES_AGGRESSIVE;
				GCC_WARN_UNUSED_FUNCTION = YES;
				GCC_WARN_UNUSED_VARIABLE = YES;
				IPHONEOS_DEPLOYMENT_TARGET = 18.4;
				LOCALIZATION_PREFERS_STRING_CATALOGS = YES;
				MTL_ENABLE_DEBUG_INFO = INCLUDE_SOURCE;
				MTL_FAST_MATH = YES;
				ONLY_ACTIVE_ARCH = YES;
				SDKROOT = iphoneos;
				SWIFT_ACTIVE_COMPILATION_CONDITIONS = "DEBUG $(inherited)";
				SWIFT_OPTIMIZATION_LEVEL = "-Onone";
			};
			name = Debug;
		};
		04C2E7352DE2339B00D67924 /* Release */ = {
			isa = XCBuildConfiguration;
			buildSettings = {
				ALWAYS_SEARCH_USER_PATHS = NO;
				ASSETCATALOG_COMPILER_GENERATE_SWIFT_ASSET_SYMBOL_EXTENSIONS = YES;
				CLANG_ANALYZER_NONNULL = YES;
				CLANG_ANALYZER_NUMBER_OBJECT_CONVERSION = YES_AGGRESSIVE;
				CLANG_CXX_LANGUAGE_STANDARD = "gnu++20";
				CLANG_ENABLE_MODULES = YES;
				CLANG_ENABLE_OBJC_ARC = YES;
				CLANG_ENABLE_OBJC_WEAK = YES;
				CLANG_WARN_BLOCK_CAPTURE_AUTORELEASING = YES;
				CLANG_WARN_BOOL_CONVERSION = YES;
				CLANG_WARN_COMMA = YES;
				CLANG_WARN_CONSTANT_CONVERSION = YES;
				CLANG_WARN_DEPRECATED_OBJC_IMPLEMENTATIONS = YES;
				CLANG_WARN_DIRECT_OBJC_ISA_USAGE = YES_ERROR;
				CLANG_WARN_DOCUMENTATION_COMMENTS = YES;
				CLANG_WARN_EMPTY_BODY = YES;
				CLANG_WARN_ENUM_CONVERSION = YES;
				CLANG_WARN_INFINITE_RECURSION = YES;
				CLANG_WARN_INT_CONVERSION = YES;
				CLANG_WARN_NON_LITERAL_NULL_CONVERSION = YES;
				CLANG_WARN_OBJC_IMPLICIT_RETAIN_SELF = YES;
				CLANG_WARN_OBJC_LITERAL_CONVERSION = YES;
				CLANG_WARN_OBJC_ROOT_CLASS = YES_ERROR;
				CLANG_WARN_QUOTED_INCLUDE_IN_FRAMEWORK_HEADER = YES;
				CLANG_WARN_RANGE_LOOP_ANALYSIS = YES;
				CLANG_WARN_STRICT_PROTOTYPES = YES;
				CLANG_WARN_SUSPICIOUS_MOVE = YES;
				CLANG_WARN_UNGUARDED_AVAILABILITY = YES_AGGRESSIVE;
				CLANG_WARN_UNREACHABLE_CODE = YES;
				CLANG_WARN__DUPLICATE_METHOD_MATCH = YES;
				COPY_PHASE_STRIP = NO;
				DEBUG_INFORMATION_FORMAT = "dwarf-with-dsym";
				DEVELOPMENT_TEAM = 9RH4L8S898;
				ENABLE_NS_ASSERTIONS = NO;
				ENABLE_STRICT_OBJC_MSGSEND = YES;
				ENABLE_USER_SCRIPT_SANDBOXING = YES;
				GCC_C_LANGUAGE_STANDARD = gnu17;
				GCC_NO_COMMON_BLOCKS = YES;
				GCC_WARN_64_TO_32_BIT_CONVERSION = YES;
				GCC_WARN_ABOUT_RETURN_TYPE = YES_ERROR;
				GCC_WARN_UNDECLARED_SELECTOR = YES;
				GCC_WARN_UNINITIALIZED_AUTOS = YES_AGGRESSIVE;
				GCC_WARN_UNUSED_FUNCTION = YES;
				GCC_WARN_UNUSED_VARIABLE = YES;
				IPHONEOS_DEPLOYMENT_TARGET = 18.4;
				LOCALIZATION_PREFERS_STRING_CATALOGS = YES;
				MTL_ENABLE_DEBUG_INFO = NO;
				MTL_FAST_MATH = YES;
				SDKROOT = iphoneos;
				SWIFT_COMPILATION_MODE = wholemodule;
				VALIDATE_PRODUCT = YES;
			};
			name = Release;
		};
		04C2E7372DE2339B00D67924 /* Debug */ = {
			isa = XCBuildConfiguration;
			buildSettings = {
				ASSETCATALOG_COMPILER_APPICON_NAME = AppIcon;
				ASSETCATALOG_COMPILER_GLOBAL_ACCENT_COLOR_NAME = AccentColor;
				CODE_SIGN_STYLE = Automatic;
				CURRENT_PROJECT_VERSION = 1;
				DEVELOPMENT_TEAM = 9RH4L8S898;
				ENABLE_PREVIEWS = YES;
				GENERATE_INFOPLIST_FILE = YES;
				INFOPLIST_FILE = ItsPronouncedBichael/Info.plist;
				INFOPLIST_KEY_LSApplicationCategoryType = "public.app-category.healthcare-fitness";
				INFOPLIST_KEY_NSLocationAlwaysUsageDescription = "Bichael needs to know where you're going.";
				INFOPLIST_KEY_NSLocationUsageDescription = "Bichael needs to know where you're going.";
				INFOPLIST_KEY_NSLocationWhenInUseUsageDescription = "Bichael needs to know where you're going.";
				INFOPLIST_KEY_UIApplicationSceneManifest_Generation = YES;
				INFOPLIST_KEY_UIApplicationSupportsIndirectInputEvents = YES;
				INFOPLIST_KEY_UILaunchScreen_Generation = YES;
				INFOPLIST_KEY_UISupportedInterfaceOrientations_iPad = "UIInterfaceOrientationPortrait UIInterfaceOrientationPortraitUpsideDown UIInterfaceOrientationLandscapeLeft UIInterfaceOrientationLandscapeRight";
				INFOPLIST_KEY_UISupportedInterfaceOrientations_iPhone = "UIInterfaceOrientationPortrait UIInterfaceOrientationLandscapeLeft UIInterfaceOrientationLandscapeRight";
				IPHONEOS_DEPLOYMENT_TARGET = 17.6;
				LD_RUNPATH_SEARCH_PATHS = (
					"$(inherited)",
					"@executable_path/Frameworks",
				);
				MARKETING_VERSION = 1.0;
				PRODUCT_BUNDLE_IDENTIFIER = nielubowicz.ItsPronouncedBichael;
				PRODUCT_NAME = "$(TARGET_NAME)";
				SWIFT_EMIT_LOC_STRINGS = YES;
				SWIFT_VERSION = 5.0;
				TARGETED_DEVICE_FAMILY = "1,2";
			};
			name = Debug;
		};
		04C2E7382DE2339B00D67924 /* Release */ = {
			isa = XCBuildConfiguration;
			buildSettings = {
				ASSETCATALOG_COMPILER_APPICON_NAME = AppIcon;
				ASSETCATALOG_COMPILER_GLOBAL_ACCENT_COLOR_NAME = AccentColor;
				CODE_SIGN_STYLE = Automatic;
				CURRENT_PROJECT_VERSION = 1;
				DEVELOPMENT_TEAM = 9RH4L8S898;
				ENABLE_PREVIEWS = YES;
				GENERATE_INFOPLIST_FILE = YES;
				INFOPLIST_FILE = ItsPronouncedBichael/Info.plist;
				INFOPLIST_KEY_LSApplicationCategoryType = "public.app-category.healthcare-fitness";
				INFOPLIST_KEY_NSLocationAlwaysUsageDescription = "Bichael needs to know where you're going.";
				INFOPLIST_KEY_NSLocationUsageDescription = "Bichael needs to know where you're going.";
				INFOPLIST_KEY_NSLocationWhenInUseUsageDescription = "Bichael needs to know where you're going.";
				INFOPLIST_KEY_UIApplicationSceneManifest_Generation = YES;
				INFOPLIST_KEY_UIApplicationSupportsIndirectInputEvents = YES;
				INFOPLIST_KEY_UILaunchScreen_Generation = YES;
				INFOPLIST_KEY_UISupportedInterfaceOrientations_iPad = "UIInterfaceOrientationPortrait UIInterfaceOrientationPortraitUpsideDown UIInterfaceOrientationLandscapeLeft UIInterfaceOrientationLandscapeRight";
				INFOPLIST_KEY_UISupportedInterfaceOrientations_iPhone = "UIInterfaceOrientationPortrait UIInterfaceOrientationLandscapeLeft UIInterfaceOrientationLandscapeRight";
				IPHONEOS_DEPLOYMENT_TARGET = 17.6;
				LD_RUNPATH_SEARCH_PATHS = (
					"$(inherited)",
					"@executable_path/Frameworks",
				);
				MARKETING_VERSION = 1.0;
				PRODUCT_BUNDLE_IDENTIFIER = nielubowicz.ItsPronouncedBichael;
				PRODUCT_NAME = "$(TARGET_NAME)";
				SWIFT_EMIT_LOC_STRINGS = YES;
				SWIFT_VERSION = 5.0;
				TARGETED_DEVICE_FAMILY = "1,2";
			};
			name = Release;
		};
		04C2E73A2DE2339B00D67924 /* Debug */ = {
			isa = XCBuildConfiguration;
			buildSettings = {
				BUNDLE_LOADER = "$(TEST_HOST)";
				CODE_SIGN_STYLE = Automatic;
				CURRENT_PROJECT_VERSION = 1;
				DEVELOPMENT_TEAM = 9RH4L8S898;
				GENERATE_INFOPLIST_FILE = YES;
				IPHONEOS_DEPLOYMENT_TARGET = 18.4;
				MARKETING_VERSION = 1.0;
				PRODUCT_BUNDLE_IDENTIFIER = nielubowicz.ItsPronouncedBichaelTests;
				PRODUCT_NAME = "$(TARGET_NAME)";
				SWIFT_EMIT_LOC_STRINGS = NO;
				SWIFT_VERSION = 5.0;
				TARGETED_DEVICE_FAMILY = "1,2";
				TEST_HOST = "$(BUILT_PRODUCTS_DIR)/ItsPronouncedBichael.app/$(BUNDLE_EXECUTABLE_FOLDER_PATH)/ItsPronouncedBichael";
			};
			name = Debug;
		};
		04C2E73B2DE2339B00D67924 /* Release */ = {
			isa = XCBuildConfiguration;
			buildSettings = {
				BUNDLE_LOADER = "$(TEST_HOST)";
				CODE_SIGN_STYLE = Automatic;
				CURRENT_PROJECT_VERSION = 1;
				DEVELOPMENT_TEAM = 9RH4L8S898;
				GENERATE_INFOPLIST_FILE = YES;
				IPHONEOS_DEPLOYMENT_TARGET = 18.4;
				MARKETING_VERSION = 1.0;
				PRODUCT_BUNDLE_IDENTIFIER = nielubowicz.ItsPronouncedBichaelTests;
				PRODUCT_NAME = "$(TARGET_NAME)";
				SWIFT_EMIT_LOC_STRINGS = NO;
				SWIFT_VERSION = 5.0;
				TARGETED_DEVICE_FAMILY = "1,2";
				TEST_HOST = "$(BUILT_PRODUCTS_DIR)/ItsPronouncedBichael.app/$(BUNDLE_EXECUTABLE_FOLDER_PATH)/ItsPronouncedBichael";
			};
			name = Release;
		};
		04C2E73D2DE2339B00D67924 /* Debug */ = {
			isa = XCBuildConfiguration;
			buildSettings = {
				CODE_SIGN_STYLE = Automatic;
				CURRENT_PROJECT_VERSION = 1;
				DEVELOPMENT_TEAM = 9RH4L8S898;
				GENERATE_INFOPLIST_FILE = YES;
				MARKETING_VERSION = 1.0;
				PRODUCT_BUNDLE_IDENTIFIER = nielubowicz.ItsPronouncedBichaelUITests;
				PRODUCT_NAME = "$(TARGET_NAME)";
				SWIFT_EMIT_LOC_STRINGS = NO;
				SWIFT_VERSION = 5.0;
				TARGETED_DEVICE_FAMILY = "1,2";
				TEST_TARGET_NAME = ItsPronouncedBichael;
			};
			name = Debug;
		};
		04C2E73E2DE2339B00D67924 /* Release */ = {
			isa = XCBuildConfiguration;
			buildSettings = {
				CODE_SIGN_STYLE = Automatic;
				CURRENT_PROJECT_VERSION = 1;
				DEVELOPMENT_TEAM = 9RH4L8S898;
				GENERATE_INFOPLIST_FILE = YES;
				MARKETING_VERSION = 1.0;
				PRODUCT_BUNDLE_IDENTIFIER = nielubowicz.ItsPronouncedBichaelUITests;
				PRODUCT_NAME = "$(TARGET_NAME)";
				SWIFT_EMIT_LOC_STRINGS = NO;
				SWIFT_VERSION = 5.0;
				TARGETED_DEVICE_FAMILY = "1,2";
				TEST_TARGET_NAME = ItsPronouncedBichael;
			};
			name = Release;
		};
/* End XCBuildConfiguration section */

/* Begin XCConfigurationList section */
		04C2E70E2DE2339800D67924 /* Build configuration list for PBXProject "ItsPronouncedBichael" */ = {
			isa = XCConfigurationList;
			buildConfigurations = (
				04C2E7342DE2339B00D67924 /* Debug */,
				04C2E7352DE2339B00D67924 /* Release */,
			);
			defaultConfigurationIsVisible = 0;
			defaultConfigurationName = Release;
		};
		04C2E7362DE2339B00D67924 /* Build configuration list for PBXNativeTarget "ItsPronouncedBichael" */ = {
			isa = XCConfigurationList;
			buildConfigurations = (
				04C2E7372DE2339B00D67924 /* Debug */,
				04C2E7382DE2339B00D67924 /* Release */,
			);
			defaultConfigurationIsVisible = 0;
			defaultConfigurationName = Release;
		};
		04C2E7392DE2339B00D67924 /* Build configuration list for PBXNativeTarget "ItsPronouncedBichaelTests" */ = {
			isa = XCConfigurationList;
			buildConfigurations = (
				04C2E73A2DE2339B00D67924 /* Debug */,
				04C2E73B2DE2339B00D67924 /* Release */,
			);
			defaultConfigurationIsVisible = 0;
			defaultConfigurationName = Release;
		};
		04C2E73C2DE2339B00D67924 /* Build configuration list for PBXNativeTarget "ItsPronouncedBichaelUITests" */ = {
			isa = XCConfigurationList;
			buildConfigurations = (
				04C2E73D2DE2339B00D67924 /* Debug */,
				04C2E73E2DE2339B00D67924 /* Release */,
			);
			defaultConfigurationIsVisible = 0;
			defaultConfigurationName = Release;
		};
/* End XCConfigurationList section */
	};
	rootObject = 04C2E70B2DE2339800D67924 /* Project object */;
}
